
Microsoft Visual Studio Solution File, Format Version 12.00
# Visual Studio Version 16
VisualStudioVersion = 25.0.1704.1
MinimumVisualStudioVersion = 10.0.40219.1
Project("{FAE04EC0-301F-11D3-BF4B-00C04F79EFBC}") = "Memories", "Memories\Memories.csproj", "{1C625A65-F556-4307-B14A-EFCAD0E183E1}"
EndProject
Global
	GlobalSection(SolutionConfigurationPlatforms) = preSolution
		Debug|Any CPU = Debug|Any CPU
		Release|Any CPU = Release|Any CPU
	EndGlobalSection
	GlobalSection(ProjectConfigurationPlatforms) = postSolution
		{1C625A65-F556-4307-B14A-EFCAD0E183E1}.Debug|Any CPU.ActiveCfg = Debug|Any CPU
		{1C625A65-F556-4307-B14A-EFCAD0E183E1}.Debug|Any CPU.Build.0 = Debug|Any CPU
		{1C625A65-F556-4307-B14A-EFCAD0E183E1}.Release|Any CPU.ActiveCfg = Release|Any CPU
		{1C625A65-F556-4307-B14A-EFCAD0E183E1}.Release|Any CPU.Build.0 = Release|Any CPU
	EndGlobalSection
	GlobalSection(SolutionProperties) = preSolution
		HideSolutionNode = FALSE
	EndGlobalSection
	GlobalSection(ExtensibilityGlobals) = postSolution
		SolutionGuid = {26D58897-8A21-426D-917F-551B3D14FFED}
	EndGlobalSection
EndGlobal
